
Microsoft Visual Studio Solution File, Format Version 12.00
# Visual Studio Version 17
VisualStudioVersion = 17.1.32407.343
MinimumVisualStudioVersion = 10.0.40219.1
Project("{FAE04EC0-301F-11D3-BF4B-00C04F79EFBC}") = "3B-PracticeProblem", "3B-PracticeProblem.csproj", "{4E8DDE1B-902E-4CD1-8BFB-864197EA0F95}"
EndProject
Global
	GlobalSection(SolutionConfigurationPlatforms) = preSolution
		Debug|Any CPU = Debug|Any CPU
		Release|Any CPU = Release|Any CPU
	EndGlobalSection
	GlobalSection(ProjectConfigurationPlatforms) = postSolution
		{4E8DDE1B-902E-4CD1-8BFB-864197EA0F95}.Debug|Any CPU.ActiveCfg = Debug|Any CPU
		{4E8DDE1B-902E-4CD1-8BFB-864197EA0F95}.Debug|Any CPU.Build.0 = Debug|Any CPU
		{4E8DDE1B-902E-4CD1-8BFB-864197EA0F95}.Release|Any CPU.ActiveCfg = Release|Any CPU
		{4E8DDE1B-902E-4CD1-8BFB-864197EA0F95}.Release|Any CPU.Build.0 = Release|Any CPU
	EndGlobalSection
	GlobalSection(SolutionProperties) = preSolution
		HideSolutionNode = FALSE
	EndGlobalSection
	GlobalSection(ExtensibilityGlobals) = postSolution
		SolutionGuid = {036ED266-147D-46A9-983E-36016AC9BE7F}
	EndGlobalSection
EndGlobal
